{
  "version": 3,
  "targets": {
    "net10.0/win-x64": {
      "messagepack.generator/2.5.192": {
        "type": "package",
        "tools": {
          "tools/net8.0/any/ConsoleAppFramework.dll": {},
          "tools/net8.0/any/DotnetToolSettings.xml": {},
          "tools/net8.0/any/Humanizer.dll": {},
          "tools/net8.0/any/MessagePack.Annotations.dll": {},
          "tools/net8.0/any/MessagePack.Annotations.pdb": {},
          "tools/net8.0/any/MessagePack.Annotations.xml": {},
          "tools/net8.0/any/MessagePack.GeneratorCore.dll": {},
          "tools/net8.0/any/MessagePack.GeneratorCore.pdb": {},
          "tools/net8.0/any/MessagePack.GeneratorCore.xml": {},
          "tools/net8.0/any/MessagePack.dll": {},
          "tools/net8.0/any/MessagePack.pdb": {},
          "tools/net8.0/any/MessagePack.xml": {},
          "tools/net8.0/any/Microsoft.Bcl.AsyncInterfaces.dll": {},
          "tools/net8.0/any/Microsoft.Build.Locator.dll": {},
          "tools/net8.0/any/Microsoft.CodeAnalysis.CSharp.Workspaces.dll": {},
          "tools/net8.0/any/Microsoft.CodeAnalysis.CSharp.dll": {},
          "tools/net8.0/any/Microsoft.CodeAnalysis.Workspaces.MSBuild.dll": {},
          "tools/net8.0/any/Microsoft.CodeAnalysis.Workspaces.dll": {},
          "tools/net8.0/any/Microsoft.CodeAnalysis.dll": {},
          "tools/net8.0/any/Microsoft.Extensions.Configuration.Abstractions.dll": {},
          "tools/net8.0/any/Microsoft.Extensions.Configuration.Binder.dll": {},
          "tools/net8.0/any/Microsoft.Extensions.Configuration.CommandLine.dll": {},
          "tools/net8.0/any/Microsoft.Extensions.Configuration.EnvironmentVariables.dll": {},
          "tools/net8.0/any/Microsoft.Extensions.Configuration.FileExtensions.dll": {},
          "tools/net8.0/any/Microsoft.Extensions.Configuration.Json.dll": {},
          "tools/net8.0/any/Microsoft.Extensions.Configuration.UserSecrets.dll": {},
          "tools/net8.0/any/Microsoft.Extensions.Configuration.dll": {},
          "tools/net8.0/any/Microsoft.Extensions.DependencyInjection.Abstractions.dll": {},
          "tools/net8.0/any/Microsoft.Extensions.DependencyInjection.dll": {},
          "tools/net8.0/any/Microsoft.Extensions.FileProviders.Abstractions.dll": {},
          "tools/net8.0/any/Microsoft.Extensions.FileProviders.Physical.dll": {},
          "tools/net8.0/any/Microsoft.Extensions.FileSystemGlobbing.dll": {},
          "tools/net8.0/any/Microsoft.Extensions.Hosting.Abstractions.dll": {},
          "tools/net8.0/any/Microsoft.Extensions.Hosting.dll": {},
          "tools/net8.0/any/Microsoft.Extensions.Logging.Abstractions.dll": {},
          "tools/net8.0/any/Microsoft.Extensions.Logging.Configuration.dll": {},
          "tools/net8.0/any/Microsoft.Extensions.Logging.Console.dll": {},
          "tools/net8.0/any/Microsoft.Extensions.Logging.Debug.dll": {},
          "tools/net8.0/any/Microsoft.Extensions.Logging.EventLog.dll": {},
          "tools/net8.0/any/Microsoft.Extensions.Logging.EventSource.dll": {},
          "tools/net8.0/any/Microsoft.Extensions.Logging.dll": {},
          "tools/net8.0/any/Microsoft.Extensions.Options.ConfigurationExtensions.dll": {},
          "tools/net8.0/any/Microsoft.Extensions.Options.dll": {},
          "tools/net8.0/any/Microsoft.Extensions.Primitives.dll": {},
          "tools/net8.0/any/Microsoft.NET.StringTools.dll": {},
          "tools/net8.0/any/System.Composition.AttributedModel.dll": {},
          "tools/net8.0/any/System.Composition.Convention.dll": {},
          "tools/net8.0/any/System.Composition.Hosting.dll": {},
          "tools/net8.0/any/System.Composition.Runtime.dll": {},
          "tools/net8.0/any/System.Composition.TypedParts.dll": {},
          "tools/net8.0/any/System.Diagnostics.EventLog.dll": {},
          "tools/net8.0/any/System.IO.Pipelines.dll": {},
          "tools/net8.0/any/cs/Microsoft.CodeAnalysis.CSharp.Workspaces.resources.dll": {},
          "tools/net8.0/any/cs/Microsoft.CodeAnalysis.CSharp.resources.dll": {},
          "tools/net8.0/any/cs/Microsoft.CodeAnalysis.Workspaces.MSBuild.resources.dll": {},
          "tools/net8.0/any/cs/Microsoft.CodeAnalysis.Workspaces.resources.dll": {},
          "tools/net8.0/any/cs/Microsoft.CodeAnalysis.resources.dll": {},
          "tools/net8.0/any/de/Microsoft.CodeAnalysis.CSharp.Workspaces.resources.dll": {},
          "tools/net8.0/any/de/Microsoft.CodeAnalysis.CSharp.resources.dll": {},
          "tools/net8.0/any/de/Microsoft.CodeAnalysis.Workspaces.MSBuild.resources.dll": {},
          "tools/net8.0/any/de/Microsoft.CodeAnalysis.Workspaces.resources.dll": {},
          "tools/net8.0/any/de/Microsoft.CodeAnalysis.resources.dll": {},
          "tools/net8.0/any/es/Microsoft.CodeAnalysis.CSharp.Workspaces.resources.dll": {},
          "tools/net8.0/any/es/Microsoft.CodeAnalysis.CSharp.resources.dll": {},
          "tools/net8.0/any/es/Microsoft.CodeAnalysis.Workspaces.MSBuild.resources.dll": {},
          "tools/net8.0/any/es/Microsoft.CodeAnalysis.Workspaces.resources.dll": {},
          "tools/net8.0/any/es/Microsoft.CodeAnalysis.resources.dll": {},
          "tools/net8.0/any/fr/Microsoft.CodeAnalysis.CSharp.Workspaces.resources.dll": {},
          "tools/net8.0/any/fr/Microsoft.CodeAnalysis.CSharp.resources.dll": {},
          "tools/net8.0/any/fr/Microsoft.CodeAnalysis.Workspaces.MSBuild.resources.dll": {},
          "tools/net8.0/any/fr/Microsoft.CodeAnalysis.Workspaces.resources.dll": {},
          "tools/net8.0/any/fr/Microsoft.CodeAnalysis.resources.dll": {},
          "tools/net8.0/any/it/Microsoft.CodeAnalysis.CSharp.Workspaces.resources.dll": {},
          "tools/net8.0/any/it/Microsoft.CodeAnalysis.CSharp.resources.dll": {},
          "tools/net8.0/any/it/Microsoft.CodeAnalysis.Workspaces.MSBuild.resources.dll": {},
          "tools/net8.0/any/it/Microsoft.CodeAnalysis.Workspaces.resources.dll": {},
          "tools/net8.0/any/it/Microsoft.CodeAnalysis.resources.dll": {},
          "tools/net8.0/any/ja/Microsoft.CodeAnalysis.CSharp.Workspaces.resources.dll": {},
          "tools/net8.0/any/ja/Microsoft.CodeAnalysis.CSharp.resources.dll": {},
          "tools/net8.0/any/ja/Microsoft.CodeAnalysis.Workspaces.MSBuild.resources.dll": {},
          "tools/net8.0/any/ja/Microsoft.CodeAnalysis.Workspaces.resources.dll": {},
          "tools/net8.0/any/ja/Microsoft.CodeAnalysis.resources.dll": {},
          "tools/net8.0/any/ko/Microsoft.CodeAnalysis.CSharp.Workspaces.resources.dll": {},
          "tools/net8.0/any/ko/Microsoft.CodeAnalysis.CSharp.resources.dll": {},
          "tools/net8.0/any/ko/Microsoft.CodeAnalysis.Workspaces.MSBuild.resources.dll": {},
          "tools/net8.0/any/ko/Microsoft.CodeAnalysis.Workspaces.resources.dll": {},
          "tools/net8.0/any/ko/Microsoft.CodeAnalysis.resources.dll": {},
          "tools/net8.0/any/mpc.deps.json": {},
          "tools/net8.0/any/mpc.dll": {},
          "tools/net8.0/any/mpc.dll.config": {},
          "tools/net8.0/any/mpc.pdb": {},
          "tools/net8.0/any/mpc.runtimeconfig.json": {},
          "tools/net8.0/any/mpc.xml": {},
          "tools/net8.0/any/pl/Microsoft.CodeAnalysis.CSharp.Workspaces.resources.dll": {},
          "tools/net8.0/any/pl/Microsoft.CodeAnalysis.CSharp.resources.dll": {},
          "tools/net8.0/any/pl/Microsoft.CodeAnalysis.Workspaces.MSBuild.resources.dll": {},
          "tools/net8.0/any/pl/Microsoft.CodeAnalysis.Workspaces.resources.dll": {},
          "tools/net8.0/any/pl/Microsoft.CodeAnalysis.resources.dll": {},
          "tools/net8.0/any/pt-BR/Microsoft.CodeAnalysis.CSharp.Workspaces.resources.dll": {},
          "tools/net8.0/any/pt-BR/Microsoft.CodeAnalysis.CSharp.resources.dll": {},
          "tools/net8.0/any/pt-BR/Microsoft.CodeAnalysis.Workspaces.MSBuild.resources.dll": {},
          "tools/net8.0/any/pt-BR/Microsoft.CodeAnalysis.Workspaces.resources.dll": {},
          "tools/net8.0/any/pt-BR/Microsoft.CodeAnalysis.resources.dll": {},
          "tools/net8.0/any/ru/Microsoft.CodeAnalysis.CSharp.Workspaces.resources.dll": {},
          "tools/net8.0/any/ru/Microsoft.CodeAnalysis.CSharp.resources.dll": {},
          "tools/net8.0/any/ru/Microsoft.CodeAnalysis.Workspaces.MSBuild.resources.dll": {},
          "tools/net8.0/any/ru/Microsoft.CodeAnalysis.Workspaces.resources.dll": {},
          "tools/net8.0/any/ru/Microsoft.CodeAnalysis.resources.dll": {},
          "tools/net8.0/any/runtimes/win/lib/net6.0/System.Diagnostics.EventLog.Messages.dll": {},
          "tools/net8.0/any/runtimes/win/lib/net6.0/System.Diagnostics.EventLog.dll": {},
          "tools/net8.0/any/tr/Microsoft.CodeAnalysis.CSharp.Workspaces.resources.dll": {},
          "tools/net8.0/any/tr/Microsoft.CodeAnalysis.CSharp.resources.dll": {},
          "tools/net8.0/any/tr/Microsoft.CodeAnalysis.Workspaces.MSBuild.resources.dll": {},
          "tools/net8.0/any/tr/Microsoft.CodeAnalysis.Workspaces.resources.dll": {},
          "tools/net8.0/any/tr/Microsoft.CodeAnalysis.resources.dll": {},
          "tools/net8.0/any/zh-Hans/Microsoft.CodeAnalysis.CSharp.Workspaces.resources.dll": {},
          "tools/net8.0/any/zh-Hans/Microsoft.CodeAnalysis.CSharp.resources.dll": {},
          "tools/net8.0/any/zh-Hans/Microsoft.CodeAnalysis.Workspaces.MSBuild.resources.dll": {},
          "tools/net8.0/any/zh-Hans/Microsoft.CodeAnalysis.Workspaces.resources.dll": {},
          "tools/net8.0/any/zh-Hans/Microsoft.CodeAnalysis.resources.dll": {},
          "tools/net8.0/any/zh-Hant/Microsoft.CodeAnalysis.CSharp.Workspaces.resources.dll": {},
          "tools/net8.0/any/zh-Hant/Microsoft.CodeAnalysis.CSharp.resources.dll": {},
          "tools/net8.0/any/zh-Hant/Microsoft.CodeAnalysis.Workspaces.MSBuild.resources.dll": {},
          "tools/net8.0/any/zh-Hant/Microsoft.CodeAnalysis.Workspaces.resources.dll": {},
          "tools/net8.0/any/zh-Hant/Microsoft.CodeAnalysis.resources.dll": {}
        }
      }
    }
  },
  "libraries": {},
  "projectFileDependencyGroups": {}
}